
Microsoft Visual Studio Solution File, Format Version 12.00
# Visual Studio Version 16
VisualStudioVersion = 16.0.30804.86
MinimumVisualStudioVersion = 10.0.40219.1
Project("{FAE04EC0-301F-11D3-BF4B-00C04F79EFBC}") = "HomeWork9", "HomeWork9\HomeWork9.csproj", "{F241C1BB-6121-4C45-86C0-842C51F56A32}"
EndProject
Global
	GlobalSection(SolutionConfigurationPlatforms) = preSolution
		Debug|Any CPU = Debug|Any CPU
		Release|Any CPU = Release|Any CPU
	EndGlobalSection
	GlobalSection(ProjectConfigurationPlatforms) = postSolution
		{F241C1BB-6121-4C45-86C0-842C51F56A32}.Debug|Any CPU.ActiveCfg = Debug|Any CPU
		{F241C1BB-6121-4C45-86C0-842C51F56A32}.Debug|Any CPU.Build.0 = Debug|Any CPU
		{F241C1BB-6121-4C45-86C0-842C51F56A32}.Release|Any CPU.ActiveCfg = Release|Any CPU
		{F241C1BB-6121-4C45-86C0-842C51F56A32}.Release|Any CPU.Build.0 = Release|Any CPU
	EndGlobalSection
	GlobalSection(SolutionProperties) = preSolution
		HideSolutionNode = FALSE
	EndGlobalSection
	GlobalSection(ExtensibilityGlobals) = postSolution
		SolutionGuid = {BF3ABBCA-C072-4373-80D3-9583200DB7FE}
	EndGlobalSection
EndGlobal
