
Microsoft Visual Studio Solution File, Format Version 12.00
# Visual Studio Version 16
VisualStudioVersion = 16.0.30717.126
MinimumVisualStudioVersion = 10.0.40219.1
Project("{FAE04EC0-301F-11D3-BF4B-00C04F79EFBC}") = "HomeWork1", "HomeWork1\HomeWork1.csproj", "{0ECB8043-087B-4548-A511-97DD08AD2C5C}"
EndProject
Global
	GlobalSection(SolutionConfigurationPlatforms) = preSolution
		Debug|Any CPU = Debug|Any CPU
		Release|Any CPU = Release|Any CPU
	EndGlobalSection
	GlobalSection(ProjectConfigurationPlatforms) = postSolution
		{0ECB8043-087B-4548-A511-97DD08AD2C5C}.Debug|Any CPU.ActiveCfg = Debug|Any CPU
		{0ECB8043-087B-4548-A511-97DD08AD2C5C}.Debug|Any CPU.Build.0 = Debug|Any CPU
		{0ECB8043-087B-4548-A511-97DD08AD2C5C}.Release|Any CPU.ActiveCfg = Release|Any CPU
		{0ECB8043-087B-4548-A511-97DD08AD2C5C}.Release|Any CPU.Build.0 = Release|Any CPU
	EndGlobalSection
	GlobalSection(SolutionProperties) = preSolution
		HideSolutionNode = FALSE
	EndGlobalSection
	GlobalSection(ExtensibilityGlobals) = postSolution
		SolutionGuid = {31D900D0-51C7-4FC7-8817-F2053873715F}
	EndGlobalSection
EndGlobal
