
Microsoft Visual Studio Solution File, Format Version 12.00
# Visual Studio Version 16
VisualStudioVersion = 16.0.30717.126
MinimumVisualStudioVersion = 10.0.40219.1
Project("{FAE04EC0-301F-11D3-BF4B-00C04F79EFBC}") = "HomeWork2", "HomeWork2\HomeWork2.csproj", "{ADDB4E03-C9E3-4897-94ED-2C903BE1D6F2}"
EndProject
Global
	GlobalSection(SolutionConfigurationPlatforms) = preSolution
		Debug|Any CPU = Debug|Any CPU
		Release|Any CPU = Release|Any CPU
	EndGlobalSection
	GlobalSection(ProjectConfigurationPlatforms) = postSolution
		{ADDB4E03-C9E3-4897-94ED-2C903BE1D6F2}.Debug|Any CPU.ActiveCfg = Debug|Any CPU
		{ADDB4E03-C9E3-4897-94ED-2C903BE1D6F2}.Debug|Any CPU.Build.0 = Debug|Any CPU
		{ADDB4E03-C9E3-4897-94ED-2C903BE1D6F2}.Release|Any CPU.ActiveCfg = Release|Any CPU
		{ADDB4E03-C9E3-4897-94ED-2C903BE1D6F2}.Release|Any CPU.Build.0 = Release|Any CPU
	EndGlobalSection
	GlobalSection(SolutionProperties) = preSolution
		HideSolutionNode = FALSE
	EndGlobalSection
	GlobalSection(ExtensibilityGlobals) = postSolution
		SolutionGuid = {B2ECD9FC-42E3-43EA-BB9D-A2F41CDC8AF5}
	EndGlobalSection
EndGlobal
