
Microsoft Visual Studio Solution File, Format Version 12.00
# Visual Studio Version 16
VisualStudioVersion = 16.0.30804.86
MinimumVisualStudioVersion = 10.0.40219.1
Project("{FAE04EC0-301F-11D3-BF4B-00C04F79EFBC}") = "HomeWork4", "HomeWork4\HomeWork4.csproj", "{20831C84-6B1F-4D31-BFFB-CC34CDF5152C}"
EndProject
Global
	GlobalSection(SolutionConfigurationPlatforms) = preSolution
		Debug|Any CPU = Debug|Any CPU
		Release|Any CPU = Release|Any CPU
	EndGlobalSection
	GlobalSection(ProjectConfigurationPlatforms) = postSolution
		{20831C84-6B1F-4D31-BFFB-CC34CDF5152C}.Debug|Any CPU.ActiveCfg = Debug|Any CPU
		{20831C84-6B1F-4D31-BFFB-CC34CDF5152C}.Debug|Any CPU.Build.0 = Debug|Any CPU
		{20831C84-6B1F-4D31-BFFB-CC34CDF5152C}.Release|Any CPU.ActiveCfg = Release|Any CPU
		{20831C84-6B1F-4D31-BFFB-CC34CDF5152C}.Release|Any CPU.Build.0 = Release|Any CPU
	EndGlobalSection
	GlobalSection(SolutionProperties) = preSolution
		HideSolutionNode = FALSE
	EndGlobalSection
	GlobalSection(ExtensibilityGlobals) = postSolution
		SolutionGuid = {F256EC35-7DB7-42D4-8325-CC09DCAB89B9}
	EndGlobalSection
EndGlobal
