
Microsoft Visual Studio Solution File, Format Version 12.00
# Visual Studio Version 16
VisualStudioVersion = 16.0.30804.86
MinimumVisualStudioVersion = 10.0.40219.1
Project("{FAE04EC0-301F-11D3-BF4B-00C04F79EFBC}") = "HomeWork8", "HomeWork8\HomeWork8.csproj", "{869F6741-DC01-4518-B678-F40AAC24C609}"
EndProject
Global
	GlobalSection(SolutionConfigurationPlatforms) = preSolution
		Debug|Any CPU = Debug|Any CPU
		Release|Any CPU = Release|Any CPU
	EndGlobalSection
	GlobalSection(ProjectConfigurationPlatforms) = postSolution
		{869F6741-DC01-4518-B678-F40AAC24C609}.Debug|Any CPU.ActiveCfg = Debug|Any CPU
		{869F6741-DC01-4518-B678-F40AAC24C609}.Debug|Any CPU.Build.0 = Debug|Any CPU
		{869F6741-DC01-4518-B678-F40AAC24C609}.Release|Any CPU.ActiveCfg = Release|Any CPU
		{869F6741-DC01-4518-B678-F40AAC24C609}.Release|Any CPU.Build.0 = Release|Any CPU
	EndGlobalSection
	GlobalSection(SolutionProperties) = preSolution
		HideSolutionNode = FALSE
	EndGlobalSection
	GlobalSection(ExtensibilityGlobals) = postSolution
		SolutionGuid = {5202F99C-2496-4F81-8AFA-E39FE6C7CAF8}
	EndGlobalSection
EndGlobal
